
Microsoft Visual Studio Solution File, Format Version 12.00
# Visual Studio 2015
Project("{FAE04EC0-301F-11D3-BF4B-00C04F79EFBC}") = "Horror Game.CSharp.Plugins", "Horror Game.CSharp.Plugins.csproj", "{5D07622C-F0D2-728C-AB23-200EF3AE0CC8}"
EndProject
Project("{FAE04EC0-301F-11D3-BF4B-00C04F79EFBC}") = "Horror Game.CSharp", "Horror Game.CSharp.csproj", "{FA29F7FB-4A46-5664-677A-ADDEEF33B7D3}"
EndProject
Project("{FAE04EC0-301F-11D3-BF4B-00C04F79EFBC}") = "Horror Game.CSharp.Editor", "Horror Game.CSharp.Editor.csproj", "{7463C3AB-81FB-6F0B-14B1-4FE8C353E22C}"
EndProject
Global
	GlobalSection(SolutionConfigurationPlatforms) = preSolution
		Debug|Any CPU = Debug|Any CPU
		Release|Any CPU = Release|Any CPU
	EndGlobalSection
	GlobalSection(ProjectConfigurationPlatforms) = postSolution
		{5D07622C-F0D2-728C-AB23-200EF3AE0CC8}.Debug|Any CPU.ActiveCfg = Debug|Any CPU
		{5D07622C-F0D2-728C-AB23-200EF3AE0CC8}.Debug|Any CPU.Build.0 = Debug|Any CPU
		{5D07622C-F0D2-728C-AB23-200EF3AE0CC8}.Release|Any CPU.ActiveCfg = Release|Any CPU
		{5D07622C-F0D2-728C-AB23-200EF3AE0CC8}.Release|Any CPU.Build.0 = Release|Any CPU
		{FA29F7FB-4A46-5664-677A-ADDEEF33B7D3}.Debug|Any CPU.ActiveCfg = Debug|Any CPU
		{FA29F7FB-4A46-5664-677A-ADDEEF33B7D3}.Debug|Any CPU.Build.0 = Debug|Any CPU
		{FA29F7FB-4A46-5664-677A-ADDEEF33B7D3}.Release|Any CPU.ActiveCfg = Release|Any CPU
		{FA29F7FB-4A46-5664-677A-ADDEEF33B7D3}.Release|Any CPU.Build.0 = Release|Any CPU
		{7463C3AB-81FB-6F0B-14B1-4FE8C353E22C}.Debug|Any CPU.ActiveCfg = Debug|Any CPU
		{7463C3AB-81FB-6F0B-14B1-4FE8C353E22C}.Debug|Any CPU.Build.0 = Debug|Any CPU
		{7463C3AB-81FB-6F0B-14B1-4FE8C353E22C}.Release|Any CPU.ActiveCfg = Release|Any CPU
		{7463C3AB-81FB-6F0B-14B1-4FE8C353E22C}.Release|Any CPU.Build.0 = Release|Any CPU
	EndGlobalSection
	GlobalSection(SolutionProperties) = preSolution
		HideSolutionNode = FALSE
	EndGlobalSection
EndGlobal
